# THIS IS AN AUTOGENERATED FILE. DO NOT EDIT THIS FILE DIRECTLY.
# yarn lockfile v1


lightgallery@^2.5.0:
  version "2.5.0"
  resolved "https://registry.yarnpkg.com/lightgallery/-/lightgallery-2.5.0.tgz#9ab94dd3ebbc0a5cf830901aaafeaa75132cf54b"
  integrity sha512-pzg5gwflLGlKaK1VqDKpb7yqQ/WSV/TxFaHRR7ld7G5iOI9gkJZ2qKKo2lyqvTvu8yAqNYXoU0w9O/Dll6POkw==
